[[package]]
name = "colorama"
version = "0.4.4"
description = "Cross-platform colored terminal text."
category = "main"
optional = false
python-versions = ">=2.7, !=3.0.*, !=3.1.*, !=3.2.*, !=3.3.*, !=3.4.*"

[[package]]
name = "colorlog"
version = "4.6.2"
description = "Log formatting with colors!"
category = "main"
optional = false
python-versions = "*"

[package.dependencies]
colorama = {version = "*", markers = "sys_platform == \"win32\""}

[[package]]
name = "inspy-logger"
version = "2.0.0a3"
description = "Colorable, scalable logger for CLI"
category = "main"
optional = false
python-versions = ">=3.6.3,<4.0.0"

[package.dependencies]
colorlog = ">=4.2.1,<5.0.0"
setuptools-autover = ">=1.0.2,<2.0.0"

[[package]]
name = "inspyre-toolbox"
version = "1.0a2"
description = "A toolbox containing some useful tools for Inspyre Softworks packages. Generally useful to some programmers too."
category = "main"
optional = false
python-versions = ">=3.7,<4.0"

[[package]]
name = "pysimplegui"
version = "4.32.1"
description = "GUI SDK Launched in 2018. It's 2020 and PySimpleGUI is actively developed and supported. Super-simple to create custom GUI's. 200+ Demo programs & Cookbook for rapid start. Extensive documentation. Main doc is www.PySimpleGUI.org.  Examples using Machine Learning (GUI, OpenCV Integration,  Chatterbot), Rainmeter Style Floating Desktop Widgets, Matplotlib + Pyplot integration, add GUI to command line scripts, PDF & Image Viewer. Great for beginners as well as advanced GUI programmers"
category = "main"
optional = false
python-versions = "*"

[[package]]
name = "setuptools-autover"
version = "1.0.2"
description = "Automatic package version numbering from version control"
category = "main"
optional = false
python-versions = ">=3.5"

[metadata]
lock-version = "1.1"
python-versions = "^3.7"
content-hash = "290ee7cbe403d749c05d4b90c66380426a0c34637d78f12fd093f698e8a2edfa"

[metadata.files]
colorama = [
    {file = "colorama-0.4.4-py2.py3-none-any.whl", hash = "sha256:9f47eda37229f68eee03b24b9748937c7dc3868f906e8ba69fbcbdd3bc5dc3e2"},
    {file = "colorama-0.4.4.tar.gz", hash = "sha256:5941b2b48a20143d2267e95b1c2a7603ce057ee39fd88e7329b0c292aa16869b"},
]
colorlog = [
    {file = "colorlog-4.6.2-py2.py3-none-any.whl", hash = "sha256:edd5ada5de03e880e42b2526f8be5570fd9b692f8eb7cf6b1fdcac3e3fb23976"},
    {file = "colorlog-4.6.2.tar.gz", hash = "sha256:54e5f153419c22afc283c130c4201db19a3dbd83221a0f4657d5ee66234a2ea4"},
]
inspy-logger = [
    {file = "inspy-logger-2.0.0a3.tar.gz", hash = "sha256:72b92f6a0c1cd2790c2a9e24b488c75f748230c05b41cc0dfbc3a82b93658299"},
    {file = "inspy_logger-2.0.0a3-py3-none-any.whl", hash = "sha256:3d469f1ff3535a79fb2fef849ffa13ef3e0e19891442db0d8fd81849e924fd16"},
]
inspyre-toolbox = [
    {file = "inspyre-toolbox-1.0a2.tar.gz", hash = "sha256:f379677385622d648c33401516f7e42195141a386d36f3799b1e0cbf2b2f5487"},
    {file = "inspyre_toolbox-1.0a2-py3-none-any.whl", hash = "sha256:662db506b34a20cfdc3a8c30fc08712db0bf0a451a175d954470f785a5d3a7bc"},
]
pysimplegui = [
    {file = "PySimpleGUI-4.32.1-py3-none-any.whl", hash = "sha256:641431980a020159e4b1b4a425202560abf616b4de523d9b7476ff228b69b694"},
    {file = "PySimpleGUI-4.32.1.tar.gz", hash = "sha256:7132066ac7e365718e3025daa578cd3b229507164c6d80829405c9293adc6935"},
]
setuptools-autover = [
    {file = "setuptools_autover-1.0.2-py3-none-any.whl", hash = "sha256:74f99ef522381beed318b77cf9cc31e87a9c63240c02165a1a2033fac0bdec84"},
    {file = "setuptools_autover-1.0.2.tar.gz", hash = "sha256:8fc16cc5c54fa7766ddd53629d5aae1a02724078e1d3b653a9e523af53fefbe4"},
]
